Microsoft Visual Studio Solution File, Format Version 12.00
# Visual Studio Version 17
VisualStudioVersion = 17.5.2.0
MinimumVisualStudioVersion = 10.0.40219.1
Project("{FAE04EC0-301F-11D3-BF4B-00C04F79EFBC}") = "WebCheckProject", "WebCheckProject.csproj", "{02AD7077-0121-6BA4-59B0-217B28DCF475}"
EndProject
Global
	GlobalSection(SolutionConfigurationPlatforms) = preSolution
		Debug|Any CPU = Debug|Any CPU
		Release|Any CPU = Release|Any CPU
	EndGlobalSection
	GlobalSection(ProjectConfigurationPlatforms) = postSolution
		{02AD7077-0121-6BA4-59B0-217B28DCF475}.Debug|Any CPU.ActiveCfg = Debug|Any CPU
		{02AD7077-0121-6BA4-59B0-217B28DCF475}.Debug|Any CPU.Build.0 = Debug|Any CPU
		{02AD7077-0121-6BA4-59B0-217B28DCF475}.Release|Any CPU.ActiveCfg = Release|Any CPU
		{02AD7077-0121-6BA4-59B0-217B28DCF475}.Release|Any CPU.Build.0 = Release|Any CPU
	EndGlobalSection
	GlobalSection(SolutionProperties) = preSolution
		HideSolutionNode = FALSE
	EndGlobalSection
	GlobalSection(ExtensibilityGlobals) = postSolution
		SolutionGuid = {07DD6A96-A064-4A84-A3E4-2B815E9907D9}
	EndGlobalSection
EndGlobal
